
Microsoft Visual Studio Solution File, Format Version 12.00
# Visual Studio Version 16
VisualStudioVersion = 16.0.32126.315
MinimumVisualStudioVersion = 10.0.40219.1
Project("{FAE04EC0-301F-11D3-BF4B-00C04F79EFBC}") = "kiemtralogin", "kiemtralogin\kiemtralogin.csproj", "{AD368162-270F-424C-A3F7-8EB655062802}"
EndProject
Global
	GlobalSection(SolutionConfigurationPlatforms) = preSolution
		Debug|Any CPU = Debug|Any CPU
		Release|Any CPU = Release|Any CPU
	EndGlobalSection
	GlobalSection(ProjectConfigurationPlatforms) = postSolution
		{AD368162-270F-424C-A3F7-8EB655062802}.Debug|Any CPU.ActiveCfg = Debug|Any CPU
		{AD368162-270F-424C-A3F7-8EB655062802}.Debug|Any CPU.Build.0 = Debug|Any CPU
		{AD368162-270F-424C-A3F7-8EB655062802}.Release|Any CPU.ActiveCfg = Release|Any CPU
		{AD368162-270F-424C-A3F7-8EB655062802}.Release|Any CPU.Build.0 = Release|Any CPU
	EndGlobalSection
	GlobalSection(SolutionProperties) = preSolution
		HideSolutionNode = FALSE
	EndGlobalSection
	GlobalSection(ExtensibilityGlobals) = postSolution
		SolutionGuid = {8E8BE00E-D895-466E-A92F-A742A079FCFA}
	EndGlobalSection
EndGlobal
